
Microsoft Visual Studio Solution File, Format Version 12.00
# Visual Studio Version 17
VisualStudioVersion = 17.14.36310.24
MinimumVisualStudioVersion = 10.0.40219.1
Project("{FAE04EC0-301F-11D3-BF4B-00C04F79EFBC}") = "XFramework.BLL", "XFramework.BLL\XFramework.BLL.csproj", "{D9333220-9B5C-C9F2-40EF-E51872A2C1E2}"
EndProject
Project("{FAE04EC0-301F-11D3-BF4B-00C04F79EFBC}") = "XFramework.DAL", "XFramework.DAL\XFramework.DAL.csproj", "{7123ADD4-9B6A-F7C5-1ACE-759D97C2FF84}"
EndProject
Project("{2150E333-8FDC-42A3-9474-1A3956D46DE8}") = "0_Common", "0_Common", "{02EA681E-C7D8-13C7-8484-4AC65E1B71E8}"
EndProject
Project("{FAE04EC0-301F-11D3-BF4B-00C04F79EFBC}") = "XFramework.Helper", "XFramework.Helper\XFramework.Helper.csproj", "{7111CB2B-43A8-44CA-BF9A-E39B9810B12D}"
EndProject
Project("{2150E333-8FDC-42A3-9474-1A3956D46DE8}") = "1_Data", "1_Data", "{98F22B74-8D3F-413A-A9CF-5E993BD233B2}"
EndProject
Project("{2150E333-8FDC-42A3-9474-1A3956D46DE8}") = "2_Repository", "2_Repository", "{99A049C8-C7CA-4379-84B4-936177C86407}"
EndProject
Project("{FAE04EC0-301F-11D3-BF4B-00C04F79EFBC}") = "XFramework.Repository", "XFramework.Repository\XFramework.Repository.csproj", "{3099CD94-EC50-40DD-8D82-D648AD36886D}"
EndProject
Project("{2150E333-8FDC-42A3-9474-1A3956D46DE8}") = "3_Business", "3_Business", "{AFC3EBB5-82B6-4869-B710-C17D19FF04E2}"
EndProject
Project("{2150E333-8FDC-42A3-9474-1A3956D46DE8}") = "4_API", "4_API", "{9B0D848D-BDFF-42E7-8385-11F1B1869A2B}"
EndProject
Project("{2150E333-8FDC-42A3-9474-1A3956D46DE8}") = "x_Generator", "x_Generator", "{AEE00AFD-A70C-4B14-B75F-2FDB0D52DF6E}"
EndProject
Project("{FAE04EC0-301F-11D3-BF4B-00C04F79EFBC}") = "XFramework.Generator", "XFramework.Generator\XFramework.Generator.csproj", "{C8796D1E-2E31-40E1-AFB2-13E75FFBD254}"
EndProject
Project("{FAE04EC0-301F-11D3-BF4B-00C04F79EFBC}") = "XFramework.Dtos", "XFramework.Dtos\XFramework.Dtos.csproj", "{6FB33143-0DA4-7925-17BB-8F8D6849C1CD}"
EndProject
Project("{FAE04EC0-301F-11D3-BF4B-00C04F79EFBC}") = "XFramework.API", "XFramework.API\XFramework.API.csproj", "{30D24EB7-C630-50C6-C159-D2787C549D25}"
EndProject
Project("{FAE04EC0-301F-11D3-BF4B-00C04F79EFBC}") = "XFramework.Configuration", "XFramework.Configuration\XFramework.Configuration.csproj", "{33A7AFD7-8EC7-460E-B982-4992EDB1AB14}"
EndProject
Project("{2150E333-8FDC-42A3-9474-1A3956D46DE8}") = "x_Facade", "x_Facade", "{6761C7DA-6FAA-4D01-A52C-712DA39E9125}"
EndProject
Project("{FAE04EC0-301F-11D3-BF4B-00C04F79EFBC}") = "XFramework.Facade", "XFramework.Facade\XFramework.Facade.csproj", "{6C3E3D98-1146-45BF-B140-E43EF6F3B2F4}"
EndProject
Global
	GlobalSection(SolutionConfigurationPlatforms) = preSolution
		Debug|Any CPU = Debug|Any CPU
		Release|Any CPU = Release|Any CPU
	EndGlobalSection
	GlobalSection(ProjectConfigurationPlatforms) = postSolution
		{D9333220-9B5C-C9F2-40EF-E51872A2C1E2}.Debug|Any CPU.ActiveCfg = Debug|Any CPU
		{D9333220-9B5C-C9F2-40EF-E51872A2C1E2}.Debug|Any CPU.Build.0 = Debug|Any CPU
		{D9333220-9B5C-C9F2-40EF-E51872A2C1E2}.Release|Any CPU.ActiveCfg = Release|Any CPU
		{D9333220-9B5C-C9F2-40EF-E51872A2C1E2}.Release|Any CPU.Build.0 = Release|Any CPU
		{7123ADD4-9B6A-F7C5-1ACE-759D97C2FF84}.Debug|Any CPU.ActiveCfg = Debug|Any CPU
		{7123ADD4-9B6A-F7C5-1ACE-759D97C2FF84}.Debug|Any CPU.Build.0 = Debug|Any CPU
		{7123ADD4-9B6A-F7C5-1ACE-759D97C2FF84}.Release|Any CPU.ActiveCfg = Release|Any CPU
		{7123ADD4-9B6A-F7C5-1ACE-759D97C2FF84}.Release|Any CPU.Build.0 = Release|Any CPU
		{7111CB2B-43A8-44CA-BF9A-E39B9810B12D}.Debug|Any CPU.ActiveCfg = Debug|Any CPU
		{7111CB2B-43A8-44CA-BF9A-E39B9810B12D}.Debug|Any CPU.Build.0 = Debug|Any CPU
		{7111CB2B-43A8-44CA-BF9A-E39B9810B12D}.Release|Any CPU.ActiveCfg = Release|Any CPU
		{7111CB2B-43A8-44CA-BF9A-E39B9810B12D}.Release|Any CPU.Build.0 = Release|Any CPU
		{3099CD94-EC50-40DD-8D82-D648AD36886D}.Debug|Any CPU.ActiveCfg = Debug|Any CPU
		{3099CD94-EC50-40DD-8D82-D648AD36886D}.Debug|Any CPU.Build.0 = Debug|Any CPU
		{3099CD94-EC50-40DD-8D82-D648AD36886D}.Release|Any CPU.ActiveCfg = Release|Any CPU
		{3099CD94-EC50-40DD-8D82-D648AD36886D}.Release|Any CPU.Build.0 = Release|Any CPU
		{C8796D1E-2E31-40E1-AFB2-13E75FFBD254}.Debug|Any CPU.ActiveCfg = Debug|Any CPU
		{C8796D1E-2E31-40E1-AFB2-13E75FFBD254}.Debug|Any CPU.Build.0 = Debug|Any CPU
		{C8796D1E-2E31-40E1-AFB2-13E75FFBD254}.Release|Any CPU.ActiveCfg = Release|Any CPU
		{C8796D1E-2E31-40E1-AFB2-13E75FFBD254}.Release|Any CPU.Build.0 = Release|Any CPU
		{6FB33143-0DA4-7925-17BB-8F8D6849C1CD}.Debug|Any CPU.ActiveCfg = Debug|Any CPU
		{6FB33143-0DA4-7925-17BB-8F8D6849C1CD}.Debug|Any CPU.Build.0 = Debug|Any CPU
		{6FB33143-0DA4-7925-17BB-8F8D6849C1CD}.Release|Any CPU.ActiveCfg = Release|Any CPU
		{6FB33143-0DA4-7925-17BB-8F8D6849C1CD}.Release|Any CPU.Build.0 = Release|Any CPU
		{30D24EB7-C630-50C6-C159-D2787C549D25}.Debug|Any CPU.ActiveCfg = Debug|Any CPU
		{30D24EB7-C630-50C6-C159-D2787C549D25}.Debug|Any CPU.Build.0 = Debug|Any CPU
		{30D24EB7-C630-50C6-C159-D2787C549D25}.Release|Any CPU.ActiveCfg = Release|Any CPU
		{30D24EB7-C630-50C6-C159-D2787C549D25}.Release|Any CPU.Build.0 = Release|Any CPU
		{33A7AFD7-8EC7-460E-B982-4992EDB1AB14}.Debug|Any CPU.ActiveCfg = Debug|Any CPU
		{33A7AFD7-8EC7-460E-B982-4992EDB1AB14}.Debug|Any CPU.Build.0 = Debug|Any CPU
		{33A7AFD7-8EC7-460E-B982-4992EDB1AB14}.Release|Any CPU.ActiveCfg = Release|Any CPU
		{33A7AFD7-8EC7-460E-B982-4992EDB1AB14}.Release|Any CPU.Build.0 = Release|Any CPU
		{6C3E3D98-1146-45BF-B140-E43EF6F3B2F4}.Debug|Any CPU.ActiveCfg = Debug|Any CPU
		{6C3E3D98-1146-45BF-B140-E43EF6F3B2F4}.Debug|Any CPU.Build.0 = Debug|Any CPU
		{6C3E3D98-1146-45BF-B140-E43EF6F3B2F4}.Release|Any CPU.ActiveCfg = Release|Any CPU
		{6C3E3D98-1146-45BF-B140-E43EF6F3B2F4}.Release|Any CPU.Build.0 = Release|Any CPU
	EndGlobalSection
	GlobalSection(SolutionProperties) = preSolution
		HideSolutionNode = FALSE
	EndGlobalSection
	GlobalSection(NestedProjects) = preSolution
		{D9333220-9B5C-C9F2-40EF-E51872A2C1E2} = {AFC3EBB5-82B6-4869-B710-C17D19FF04E2}
		{7123ADD4-9B6A-F7C5-1ACE-759D97C2FF84} = {98F22B74-8D3F-413A-A9CF-5E993BD233B2}
		{7111CB2B-43A8-44CA-BF9A-E39B9810B12D} = {02EA681E-C7D8-13C7-8484-4AC65E1B71E8}
		{3099CD94-EC50-40DD-8D82-D648AD36886D} = {99A049C8-C7CA-4379-84B4-936177C86407}
		{C8796D1E-2E31-40E1-AFB2-13E75FFBD254} = {AEE00AFD-A70C-4B14-B75F-2FDB0D52DF6E}
		{6FB33143-0DA4-7925-17BB-8F8D6849C1CD} = {02EA681E-C7D8-13C7-8484-4AC65E1B71E8}
		{30D24EB7-C630-50C6-C159-D2787C549D25} = {9B0D848D-BDFF-42E7-8385-11F1B1869A2B}
		{33A7AFD7-8EC7-460E-B982-4992EDB1AB14} = {02EA681E-C7D8-13C7-8484-4AC65E1B71E8}
		{6C3E3D98-1146-45BF-B140-E43EF6F3B2F4} = {6761C7DA-6FAA-4D01-A52C-712DA39E9125}
	EndGlobalSection
	GlobalSection(ExtensibilityGlobals) = postSolution
		SolutionGuid = {C57715FC-1DEB-4822-9BC6-74D54D11A144}
	EndGlobalSection
EndGlobal
